
Microsoft Visual Studio Solution File, Format Version 12.00
# Visual Studio Version 17
VisualStudioVersion = 17.14.36408.4 d17.14
MinimumVisualStudioVersion = 10.0.40219.1
Project("{FAE04EC0-301F-11D3-BF4B-00C04F79EFBC}") = "TimeManager.WebApi", "TimeManager.WebApi\TimeManager.WebApi.csproj", "{937CAC4E-7B93-4E7D-BA0E-D34094D6A5B7}"
EndProject
Project("{FAE04EC0-301F-11D3-BF4B-00C04F79EFBC}") = "TimeManager.Domain", "TimeManager.Domain\TimeManager.Domain.csproj", "{D6EB780F-FA47-481E-95E9-6978F17A8DC3}"
EndProject
Project("{FAE04EC0-301F-11D3-BF4B-00C04F79EFBC}") = "TimeManager.Infrastructure", "TimeManager.Infrastructure\TimeManager.Infrastructure.csproj", "{2B121230-B5F0-4F57-96AC-CE9413AB0E9E}"
EndProject
Project("{FAE04EC0-301F-11D3-BF4B-00C04F79EFBC}") = "TimeManager.Api", "TimeManager.Api\TimeManager.Api.csproj", "{EDEA8640-D81D-4544-99B9-721FC3044A72}"
EndProject
Project("{FAE04EC0-301F-11D3-BF4B-00C04F79EFBC}") = "TimeManager.Application", "TimeManager.Application\TimeManager.Application.csproj", "{949C3AE4-5AD2-4675-B379-739E1BBF50B6}"
EndProject
Project("{FAE04EC0-301F-11D3-BF4B-00C04F79EFBC}") = "TimeManager.Migrations", "TimeManager.Migrations\TimeManager.Migrations.csproj", "{604C9124-3773-4E8F-8560-D241ADF5C5FF}"
EndProject
Project("{2150E333-8FDC-42A3-9474-1A3956D46DE8}") = "src", "src", "{02EA681E-C7D8-13C7-8484-4AC65E1B71E8}"
EndProject
Project("{2150E333-8FDC-42A3-9474-1A3956D46DE8}") = "tests", "tests", "{19205FF9-F36E-47BB-A2BD-FC9DA17C877C}"
EndProject
Project("{FAE04EC0-301F-11D3-BF4B-00C04F79EFBC}") = "TimeManager.UnitTests", "TimeManager.UnitTests\TimeManager.UnitTests.csproj", "{EC44C896-A2B3-4A06-9436-8553ABDB7512}"
EndProject
Project("{FAE04EC0-301F-11D3-BF4B-00C04F79EFBC}") = "TimeManager.IntegrationTests", "TimeManager.IntegrationTests\TimeManager.IntegrationTests.csproj", "{62D517FC-3E67-4AE4-9AEE-18DA9D2B8071}"
EndProject
Global
	GlobalSection(SolutionConfigurationPlatforms) = preSolution
		Debug|Any CPU = Debug|Any CPU
		Release|Any CPU = Release|Any CPU
	EndGlobalSection
	GlobalSection(ProjectConfigurationPlatforms) = postSolution
		{937CAC4E-7B93-4E7D-BA0E-D34094D6A5B7}.Debug|Any CPU.ActiveCfg = Debug|Any CPU
		{937CAC4E-7B93-4E7D-BA0E-D34094D6A5B7}.Debug|Any CPU.Build.0 = Debug|Any CPU
		{937CAC4E-7B93-4E7D-BA0E-D34094D6A5B7}.Release|Any CPU.ActiveCfg = Release|Any CPU
		{937CAC4E-7B93-4E7D-BA0E-D34094D6A5B7}.Release|Any CPU.Build.0 = Release|Any CPU
		{D6EB780F-FA47-481E-95E9-6978F17A8DC3}.Debug|Any CPU.ActiveCfg = Debug|Any CPU
		{D6EB780F-FA47-481E-95E9-6978F17A8DC3}.Debug|Any CPU.Build.0 = Debug|Any CPU
		{D6EB780F-FA47-481E-95E9-6978F17A8DC3}.Release|Any CPU.ActiveCfg = Release|Any CPU
		{D6EB780F-FA47-481E-95E9-6978F17A8DC3}.Release|Any CPU.Build.0 = Release|Any CPU
		{2B121230-B5F0-4F57-96AC-CE9413AB0E9E}.Debug|Any CPU.ActiveCfg = Debug|Any CPU
		{2B121230-B5F0-4F57-96AC-CE9413AB0E9E}.Debug|Any CPU.Build.0 = Debug|Any CPU
		{2B121230-B5F0-4F57-96AC-CE9413AB0E9E}.Release|Any CPU.ActiveCfg = Release|Any CPU
		{2B121230-B5F0-4F57-96AC-CE9413AB0E9E}.Release|Any CPU.Build.0 = Release|Any CPU
		{EDEA8640-D81D-4544-99B9-721FC3044A72}.Debug|Any CPU.ActiveCfg = Debug|Any CPU
		{EDEA8640-D81D-4544-99B9-721FC3044A72}.Debug|Any CPU.Build.0 = Debug|Any CPU
		{EDEA8640-D81D-4544-99B9-721FC3044A72}.Release|Any CPU.ActiveCfg = Release|Any CPU
		{EDEA8640-D81D-4544-99B9-721FC3044A72}.Release|Any CPU.Build.0 = Release|Any CPU
		{949C3AE4-5AD2-4675-B379-739E1BBF50B6}.Debug|Any CPU.ActiveCfg = Debug|Any CPU
		{949C3AE4-5AD2-4675-B379-739E1BBF50B6}.Debug|Any CPU.Build.0 = Debug|Any CPU
		{949C3AE4-5AD2-4675-B379-739E1BBF50B6}.Release|Any CPU.ActiveCfg = Release|Any CPU
		{949C3AE4-5AD2-4675-B379-739E1BBF50B6}.Release|Any CPU.Build.0 = Release|Any CPU
		{604C9124-3773-4E8F-8560-D241ADF5C5FF}.Debug|Any CPU.ActiveCfg = Debug|Any CPU
		{604C9124-3773-4E8F-8560-D241ADF5C5FF}.Debug|Any CPU.Build.0 = Debug|Any CPU
		{604C9124-3773-4E8F-8560-D241ADF5C5FF}.Release|Any CPU.ActiveCfg = Release|Any CPU
		{604C9124-3773-4E8F-8560-D241ADF5C5FF}.Release|Any CPU.Build.0 = Release|Any CPU
		{EC44C896-A2B3-4A06-9436-8553ABDB7512}.Debug|Any CPU.ActiveCfg = Debug|Any CPU
		{EC44C896-A2B3-4A06-9436-8553ABDB7512}.Debug|Any CPU.Build.0 = Debug|Any CPU
		{EC44C896-A2B3-4A06-9436-8553ABDB7512}.Release|Any CPU.ActiveCfg = Release|Any CPU
		{EC44C896-A2B3-4A06-9436-8553ABDB7512}.Release|Any CPU.Build.0 = Release|Any CPU
		{62D517FC-3E67-4AE4-9AEE-18DA9D2B8071}.Debug|Any CPU.ActiveCfg = Debug|Any CPU
		{62D517FC-3E67-4AE4-9AEE-18DA9D2B8071}.Debug|Any CPU.Build.0 = Debug|Any CPU
		{62D517FC-3E67-4AE4-9AEE-18DA9D2B8071}.Release|Any CPU.ActiveCfg = Release|Any CPU
		{62D517FC-3E67-4AE4-9AEE-18DA9D2B8071}.Release|Any CPU.Build.0 = Release|Any CPU
	EndGlobalSection
	GlobalSection(SolutionProperties) = preSolution
		HideSolutionNode = FALSE
	EndGlobalSection
	GlobalSection(NestedProjects) = preSolution
		{937CAC4E-7B93-4E7D-BA0E-D34094D6A5B7} = {02EA681E-C7D8-13C7-8484-4AC65E1B71E8}
		{D6EB780F-FA47-481E-95E9-6978F17A8DC3} = {02EA681E-C7D8-13C7-8484-4AC65E1B71E8}
		{2B121230-B5F0-4F57-96AC-CE9413AB0E9E} = {02EA681E-C7D8-13C7-8484-4AC65E1B71E8}
		{EDEA8640-D81D-4544-99B9-721FC3044A72} = {02EA681E-C7D8-13C7-8484-4AC65E1B71E8}
		{949C3AE4-5AD2-4675-B379-739E1BBF50B6} = {02EA681E-C7D8-13C7-8484-4AC65E1B71E8}
		{604C9124-3773-4E8F-8560-D241ADF5C5FF} = {02EA681E-C7D8-13C7-8484-4AC65E1B71E8}
		{EC44C896-A2B3-4A06-9436-8553ABDB7512} = {19205FF9-F36E-47BB-A2BD-FC9DA17C877C}
		{62D517FC-3E67-4AE4-9AEE-18DA9D2B8071} = {19205FF9-F36E-47BB-A2BD-FC9DA17C877C}
	EndGlobalSection
	GlobalSection(ExtensibilityGlobals) = postSolution
		SolutionGuid = {1AE819C8-D8CE-4190-9BB0-1AB45DBFE44D}
	EndGlobalSection
EndGlobal
